
Microsoft Visual Studio Solution File, Format Version 12.00
# Visual Studio Version 17
VisualStudioVersion = 17.7.34018.315
MinimumVisualStudioVersion = 10.0.40219.1
Project("{FAE04EC0-301F-11D3-BF4B-00C04F79EFBC}") = "Clientsp", "Clientsp.csproj", "{A9ADDE42-E612-4C71-BBF6-F5843161AB6D}"
EndProject
Global
	GlobalSection(SolutionConfigurationPlatforms) = preSolution
		Debug|Any CPU = Debug|Any CPU
		Release|Any CPU = Release|Any CPU
	EndGlobalSection
	GlobalSection(ProjectConfigurationPlatforms) = postSolution
		{A9ADDE42-E612-4C71-BBF6-F5843161AB6D}.Debug|Any CPU.ActiveCfg = Debug|Any CPU
		{A9ADDE42-E612-4C71-BBF6-F5843161AB6D}.Debug|Any CPU.Build.0 = Debug|Any CPU
		{A9ADDE42-E612-4C71-BBF6-F5843161AB6D}.Release|Any CPU.ActiveCfg = Release|Any CPU
		{A9ADDE42-E612-4C71-BBF6-F5843161AB6D}.Release|Any CPU.Build.0 = Release|Any CPU
	EndGlobalSection
	GlobalSection(SolutionProperties) = preSolution
		HideSolutionNode = FALSE
	EndGlobalSection
	GlobalSection(ExtensibilityGlobals) = postSolution
		SolutionGuid = {45899CC0-C872-47A8-B966-28E6E0BD37D5}
	EndGlobalSection
EndGlobal
